
Microsoft Visual Studio Solution File, Format Version 12.00
# Visual Studio 15
VisualStudioVersion = 15.0.28307.329
MinimumVisualStudioVersion = 10.0.40219.1
Project("{9A19103F-16F7-4668-BE54-9A1E7A4F7556}") = "fpReceitas.Web", "fpReceitas.Web\fpReceitas.Web.csproj", "{DA4F0534-03B2-4367-9CB6-DB2A16A39BB7}"
EndProject
Project("{9A19103F-16F7-4668-BE54-9A1E7A4F7556}") = "fpReceitas.Core", "fpReceitas.Core\fpReceitas.Core.csproj", "{7047AA91-8321-498E-A42A-3910AF648F81}"
EndProject
Project("{FAE04EC0-301F-11D3-BF4B-00C04F79EFBC}") = "fpReceitas.Api", "fpReceitas.Api\fpReceitas.Api.csproj", "{705A1C2C-7D30-4311-826A-B1C3CA8820F6}"
EndProject
Global
	GlobalSection(SolutionConfigurationPlatforms) = preSolution
		Debug|Any CPU = Debug|Any CPU
		Release|Any CPU = Release|Any CPU
	EndGlobalSection
	GlobalSection(ProjectConfigurationPlatforms) = postSolution
		{DA4F0534-03B2-4367-9CB6-DB2A16A39BB7}.Debug|Any CPU.ActiveCfg = Debug|Any CPU
		{DA4F0534-03B2-4367-9CB6-DB2A16A39BB7}.Debug|Any CPU.Build.0 = Debug|Any CPU
		{DA4F0534-03B2-4367-9CB6-DB2A16A39BB7}.Release|Any CPU.ActiveCfg = Release|Any CPU
		{DA4F0534-03B2-4367-9CB6-DB2A16A39BB7}.Release|Any CPU.Build.0 = Release|Any CPU
		{7047AA91-8321-498E-A42A-3910AF648F81}.Debug|Any CPU.ActiveCfg = Debug|Any CPU
		{7047AA91-8321-498E-A42A-3910AF648F81}.Debug|Any CPU.Build.0 = Debug|Any CPU
		{7047AA91-8321-498E-A42A-3910AF648F81}.Release|Any CPU.ActiveCfg = Release|Any CPU
		{7047AA91-8321-498E-A42A-3910AF648F81}.Release|Any CPU.Build.0 = Release|Any CPU
		{705A1C2C-7D30-4311-826A-B1C3CA8820F6}.Debug|Any CPU.ActiveCfg = Debug|Any CPU
		{705A1C2C-7D30-4311-826A-B1C3CA8820F6}.Debug|Any CPU.Build.0 = Debug|Any CPU
		{705A1C2C-7D30-4311-826A-B1C3CA8820F6}.Release|Any CPU.ActiveCfg = Release|Any CPU
		{705A1C2C-7D30-4311-826A-B1C3CA8820F6}.Release|Any CPU.Build.0 = Release|Any CPU
	EndGlobalSection
	GlobalSection(SolutionProperties) = preSolution
		HideSolutionNode = FALSE
	EndGlobalSection
	GlobalSection(ExtensibilityGlobals) = postSolution
		SolutionGuid = {A293DD0E-A21C-425E-8ECE-D2E84E933A71}
	EndGlobalSection
EndGlobal
